
Microsoft Visual Studio Solution File, Format Version 12.00
# Visual Studio Version 17
VisualStudioVersion = 17.4.33403.182
MinimumVisualStudioVersion = 10.0.40219.1
Project("{2150E333-8FDC-42A3-9474-1A3956D46DE8}") = "Solution Items", "Solution Items", "{12C06A1F-FC92-48F6-9512-555825E45CFE}"
	ProjectSection(SolutionItems) = preProject
		docker-compose.yml = docker-compose.yml
		src\Dockerfile = src\Dockerfile
	EndProjectSection
EndProject
Project("{2150E333-8FDC-42A3-9474-1A3956D46DE8}") = "tests", "tests", "{BE226C90-3C84-4A5D-8060-59B8C0CC5E5E}"
EndProject
Project("{FAE04EC0-301F-11D3-BF4B-00C04F79EFBC}") = "application-infrastructure", "src\application-infrastructure\application-infrastructure.csproj", "{EC90B86A-BE6B-45ED-897A-AF717CFE41BA}"
EndProject
Project("{FAE04EC0-301F-11D3-BF4B-00C04F79EFBC}") = "movie-service", "src\movie-service\movie-service.csproj", "{6FBBDC98-E983-4BCE-A86E-AA718016F682}"
EndProject
Project("{FAE04EC0-301F-11D3-BF4B-00C04F79EFBC}") = "user-details-service", "src\user-details-service\user-details-service.csproj", "{E01781D2-A787-4175-91EA-02150F11A997}"
EndProject
Project("{2150E333-8FDC-42A3-9474-1A3956D46DE8}") = "src", "src", "{CAB54F0E-45C3-4C1F-BA52-16AD2C56EBE3}"
EndProject
Project("{FAE04EC0-301F-11D3-BF4B-00C04F79EFBC}") = "user-details-service.tests", "tests\user-details-service.tests\user-details-service.tests.csproj", "{AC99CA71-53FC-4AC0-804C-C68B29DC15B4}"
EndProject
Project("{FAE04EC0-301F-11D3-BF4B-00C04F79EFBC}") = "movie-service.tests", "tests\movie-service.tests\movie-service.tests.csproj", "{48C7AC8A-2B2F-477E-8A13-3D902AEBB5A7}"
EndProject
Global
	GlobalSection(SolutionConfigurationPlatforms) = preSolution
		Debug|Any CPU = Debug|Any CPU
		Release|Any CPU = Release|Any CPU
	EndGlobalSection
	GlobalSection(ProjectConfigurationPlatforms) = postSolution
		{EC90B86A-BE6B-45ED-897A-AF717CFE41BA}.Debug|Any CPU.ActiveCfg = Debug|Any CPU
		{EC90B86A-BE6B-45ED-897A-AF717CFE41BA}.Debug|Any CPU.Build.0 = Debug|Any CPU
		{EC90B86A-BE6B-45ED-897A-AF717CFE41BA}.Release|Any CPU.ActiveCfg = Release|Any CPU
		{EC90B86A-BE6B-45ED-897A-AF717CFE41BA}.Release|Any CPU.Build.0 = Release|Any CPU
		{6FBBDC98-E983-4BCE-A86E-AA718016F682}.Debug|Any CPU.ActiveCfg = Debug|Any CPU
		{6FBBDC98-E983-4BCE-A86E-AA718016F682}.Debug|Any CPU.Build.0 = Debug|Any CPU
		{6FBBDC98-E983-4BCE-A86E-AA718016F682}.Release|Any CPU.ActiveCfg = Release|Any CPU
		{6FBBDC98-E983-4BCE-A86E-AA718016F682}.Release|Any CPU.Build.0 = Release|Any CPU
		{E01781D2-A787-4175-91EA-02150F11A997}.Debug|Any CPU.ActiveCfg = Debug|Any CPU
		{E01781D2-A787-4175-91EA-02150F11A997}.Debug|Any CPU.Build.0 = Debug|Any CPU
		{E01781D2-A787-4175-91EA-02150F11A997}.Release|Any CPU.ActiveCfg = Release|Any CPU
		{E01781D2-A787-4175-91EA-02150F11A997}.Release|Any CPU.Build.0 = Release|Any CPU
		{EACF163B-0CA9-431F-94B4-A32C9E9F92A3}.Debug|Any CPU.ActiveCfg = Debug|Any CPU
		{EACF163B-0CA9-431F-94B4-A32C9E9F92A3}.Debug|Any CPU.Build.0 = Debug|Any CPU
		{EACF163B-0CA9-431F-94B4-A32C9E9F92A3}.Release|Any CPU.ActiveCfg = Release|Any CPU
		{EACF163B-0CA9-431F-94B4-A32C9E9F92A3}.Release|Any CPU.Build.0 = Release|Any CPU
		{AC99CA71-53FC-4AC0-804C-C68B29DC15B4}.Debug|Any CPU.ActiveCfg = Debug|Any CPU
		{AC99CA71-53FC-4AC0-804C-C68B29DC15B4}.Debug|Any CPU.Build.0 = Debug|Any CPU
		{AC99CA71-53FC-4AC0-804C-C68B29DC15B4}.Release|Any CPU.ActiveCfg = Release|Any CPU
		{AC99CA71-53FC-4AC0-804C-C68B29DC15B4}.Release|Any CPU.Build.0 = Release|Any CPU
		{48C7AC8A-2B2F-477E-8A13-3D902AEBB5A7}.Debug|Any CPU.ActiveCfg = Debug|Any CPU
		{48C7AC8A-2B2F-477E-8A13-3D902AEBB5A7}.Debug|Any CPU.Build.0 = Debug|Any CPU
		{48C7AC8A-2B2F-477E-8A13-3D902AEBB5A7}.Release|Any CPU.ActiveCfg = Release|Any CPU
		{48C7AC8A-2B2F-477E-8A13-3D902AEBB5A7}.Release|Any CPU.Build.0 = Release|Any CPU
	EndGlobalSection
	GlobalSection(SolutionProperties) = preSolution
		HideSolutionNode = FALSE
	EndGlobalSection
	GlobalSection(ExtensibilityGlobals) = postSolution
		SolutionGuid = {BAC36B7A-AC23-4B21-B7D8-A05AF5B02D72}
	EndGlobalSection
	GlobalSection(NestedProjects) = preSolution
		{EC90B86A-BE6B-45ED-897A-AF717CFE41BA} = {CAB54F0E-45C3-4C1F-BA52-16AD2C56EBE3}
		{6FBBDC98-E983-4BCE-A86E-AA718016F682} = {CAB54F0E-45C3-4C1F-BA52-16AD2C56EBE3}
		{E01781D2-A787-4175-91EA-02150F11A997} = {CAB54F0E-45C3-4C1F-BA52-16AD2C56EBE3}
		{AC99CA71-53FC-4AC0-804C-C68B29DC15B4} = {BE226C90-3C84-4A5D-8060-59B8C0CC5E5E}
		{48C7AC8A-2B2F-477E-8A13-3D902AEBB5A7} = {BE226C90-3C84-4A5D-8060-59B8C0CC5E5E}
	EndGlobalSection
EndGlobal
