
Microsoft Visual Studio Solution File, Format Version 12.00
# Visual Studio Version 17
VisualStudioVersion = 17.4.33403.182
MinimumVisualStudioVersion = 10.0.40219.1
Project("{9A19103F-16F7-4668-BE54-9A1E7A4F7556}") = "user-details-service", "user-details-service\user-details-service.csproj", "{EDFF1146-8FBC-45FD-BD2D-91051B6032F8}"
EndProject
Project("{FAE04EC0-301F-11D3-BF4B-00C04F79EFBC}") = "user-details-service.tests", "user-details-service.tests\user-details-service.tests.csproj", "{29B4D651-E0C2-4F39-99B3-A4F3AB9F7A08}"
EndProject
Project("{FAE04EC0-301F-11D3-BF4B-00C04F79EFBC}") = "movie-service", "..\movie-service\movie-service.csproj", "{C95A579E-05C4-466F-8563-8F1DE64D1D8F}"
EndProject
Project("{2150E333-8FDC-42A3-9474-1A3956D46DE8}") = "Solution Items", "Solution Items", "{12C06A1F-FC92-48F6-9512-555825E45CFE}"
	ProjectSection(SolutionItems) = preProject
		docker-compose.yml = docker-compose.yml
	EndProjectSection
EndProject
Project("{FAE04EC0-301F-11D3-BF4B-00C04F79EFBC}") = "application-infrastructure", "..\application-infrastructure\application-infrastructure.csproj", "{3F3FB33F-11F8-430B-BB09-5A6576F115C5}"
EndProject
Project("{2150E333-8FDC-42A3-9474-1A3956D46DE8}") = "tests", "tests", "{BE226C90-3C84-4A5D-8060-59B8C0CC5E5E}"
EndProject
Global
	GlobalSection(SolutionConfigurationPlatforms) = preSolution
		Debug|Any CPU = Debug|Any CPU
		Release|Any CPU = Release|Any CPU
	EndGlobalSection
	GlobalSection(ProjectConfigurationPlatforms) = postSolution
		{EDFF1146-8FBC-45FD-BD2D-91051B6032F8}.Debug|Any CPU.ActiveCfg = Debug|Any CPU
		{EDFF1146-8FBC-45FD-BD2D-91051B6032F8}.Debug|Any CPU.Build.0 = Debug|Any CPU
		{EDFF1146-8FBC-45FD-BD2D-91051B6032F8}.Release|Any CPU.ActiveCfg = Release|Any CPU
		{EDFF1146-8FBC-45FD-BD2D-91051B6032F8}.Release|Any CPU.Build.0 = Release|Any CPU
		{29B4D651-E0C2-4F39-99B3-A4F3AB9F7A08}.Debug|Any CPU.ActiveCfg = Debug|Any CPU
		{29B4D651-E0C2-4F39-99B3-A4F3AB9F7A08}.Debug|Any CPU.Build.0 = Debug|Any CPU
		{29B4D651-E0C2-4F39-99B3-A4F3AB9F7A08}.Release|Any CPU.ActiveCfg = Release|Any CPU
		{29B4D651-E0C2-4F39-99B3-A4F3AB9F7A08}.Release|Any CPU.Build.0 = Release|Any CPU
		{C95A579E-05C4-466F-8563-8F1DE64D1D8F}.Debug|Any CPU.ActiveCfg = Debug|Any CPU
		{C95A579E-05C4-466F-8563-8F1DE64D1D8F}.Debug|Any CPU.Build.0 = Debug|Any CPU
		{C95A579E-05C4-466F-8563-8F1DE64D1D8F}.Release|Any CPU.ActiveCfg = Release|Any CPU
		{C95A579E-05C4-466F-8563-8F1DE64D1D8F}.Release|Any CPU.Build.0 = Release|Any CPU
		{3F3FB33F-11F8-430B-BB09-5A6576F115C5}.Debug|Any CPU.ActiveCfg = Debug|Any CPU
		{3F3FB33F-11F8-430B-BB09-5A6576F115C5}.Debug|Any CPU.Build.0 = Debug|Any CPU
		{3F3FB33F-11F8-430B-BB09-5A6576F115C5}.Release|Any CPU.ActiveCfg = Release|Any CPU
		{3F3FB33F-11F8-430B-BB09-5A6576F115C5}.Release|Any CPU.Build.0 = Release|Any CPU
	EndGlobalSection
	GlobalSection(SolutionProperties) = preSolution
		HideSolutionNode = FALSE
	EndGlobalSection
	GlobalSection(ExtensibilityGlobals) = postSolution
		SolutionGuid = {BAC36B7A-AC23-4B21-B7D8-A05AF5B02D72}
	EndGlobalSection
	GlobalSection(NestedProjects) = preSolution
		{29B4D651-E0C2-4F39-99B3-A4F3AB9F7A08} = {BE226C90-3C84-4A5D-8060-59B8C0CC5E5E}
	EndGlobalSection
EndGlobal
